
Microsoft Visual Studio Solution File, Format Version 12.00
# Visual Studio Version 17
VisualStudioVersion = 17.14.36429.23 d17.14
MinimumVisualStudioVersion = 10.0.40219.1
Project("{FAE04EC0-301F-11D3-BF4B-00C04F79EFBC}") = "weather-app", "weather-app.csproj", "{4BB8B186-EAC3-4A61-BC91-C04A7675638A}"
EndProject
Global
	GlobalSection(SolutionConfigurationPlatforms) = preSolution
		Debug|Any CPU = Debug|Any CPU
		Release|Any CPU = Release|Any CPU
	EndGlobalSection
	GlobalSection(ProjectConfigurationPlatforms) = postSolution
		{4BB8B186-EAC3-4A61-BC91-C04A7675638A}.Debug|Any CPU.ActiveCfg = Debug|Any CPU
		{4BB8B186-EAC3-4A61-BC91-C04A7675638A}.Debug|Any CPU.Build.0 = Debug|Any CPU
		{4BB8B186-EAC3-4A61-BC91-C04A7675638A}.Release|Any CPU.ActiveCfg = Release|Any CPU
		{4BB8B186-EAC3-4A61-BC91-C04A7675638A}.Release|Any CPU.Build.0 = Release|Any CPU
	EndGlobalSection
	GlobalSection(SolutionProperties) = preSolution
		HideSolutionNode = FALSE
	EndGlobalSection
	GlobalSection(ExtensibilityGlobals) = postSolution
		SolutionGuid = {F2AB28B4-A47B-4D89-8186-B45EEE23F064}
	EndGlobalSection
EndGlobal
